github.com/terngkub/gomod v1.1.0 h1:3jr9RsOnIR4yo/8WhnhaNfIiYH3zO1hKj6jwu6V0ZHg=
github.com/terngkub/gomod v1.1.0/go.mod h1:NpPmkZMQTZWHGOyFXJVYcEHyVjbO0+yVwTTcOP7lLrI=
github.com/terngkub/gomod v2.0.0+incompatible h1:U3GzV2kF9CnHMOBpr8P8UMfsicKgA5j0Wai8vCm/3ws=
github.com/terngkub/gomod v2.0.0+incompatible/go.mod h1:NpPmkZMQTZWHGOyFXJVYcEHyVjbO0+yVwTTcOP7lLrI=
